// !$*UTF8*$!
{
	archiveVersion = 1;
	classes = {
	};
	objectVersion = 46;
	objects = {

/* Begin PBXBuildFile section */
		A347746E1EA5AB1B00B136CF /* main.cpp in Sources */ = {isa = PBXBuildFile; fileRef = A347746D1EA5AB1B00B136CF /* main.cpp */; };
		A34774791EA5AB4600B136CF /* Cocoa.framework in Frameworks */ = {isa = PBXBuildFile; fileRef = A34774751EA5AB4600B136CF /* Cocoa.framework */; };
		A347747A1EA5AB4600B136CF /* CoreVideo.framework in Frameworks */ = {isa = PBXBuildFile; fileRef = A34774761EA5AB4600B136CF /* CoreVideo.framework */; };
		A347747B1EA5AB4600B136CF /* IOKit.framework in Frameworks */ = {isa = PBXBuildFile; fileRef = A34774771EA5AB4600B136CF /* IOKit.framework */; };
		A347747C1EA5AB4600B136CF /* OpenGL.framework in Frameworks */ = {isa = PBXBuildFile; fileRef = A34774781EA5AB4600B136CF /* OpenGL.framework */; };
		A347747F1EA5AB5F00B136CF /* libglfw3.a in Frameworks */ = {isa = PBXBuildFile; fileRef = A347747D1EA5AB5F00B136CF /* libglfw3.a */; };
		A34774801EA5AB5F00B136CF /* libSOIL.a in Frameworks */ = {isa = PBXBuildFile; fileRef = A347747E1EA5AB5F00B136CF /* libSOIL.a */; };
		A389CE451EAF2AD7004B3050 /* Camera.cpp in Sources */ = {isa = PBXBuildFile; fileRef = A389CE241EAF2AD7004B3050 /* Camera.cpp */; };
		A389CE461EAF2AD7004B3050 /* DirectionalLight.cpp in Sources */ = {isa = PBXBuildFile; fileRef = A389CE261EAF2AD7004B3050 /* DirectionalLight.cpp */; };
		A389CE471EAF2AD7004B3050 /* Light.cpp in Sources */ = {isa = PBXBuildFile; fileRef = A389CE281EAF2AD7004B3050 /* Light.cpp */; };
		A389CE481EAF2AD7004B3050 /* Loader.cpp in Sources */ = {isa = PBXBuildFile; fileRef = A389CE2A1EAF2AD7004B3050 /* Loader.cpp */; };
		A389CE491EAF2AD7004B3050 /* Mesh.cpp in Sources */ = {isa = PBXBuildFile; fileRef = A389CE2C1EAF2AD7004B3050 /* Mesh.cpp */; };
		A389CE4A1EAF2AD7004B3050 /* ModelShader.cpp in Sources */ = {isa = PBXBuildFile; fileRef = A389CE2E1EAF2AD7004B3050 /* ModelShader.cpp */; };
		A389CE4B1EAF2AD7004B3050 /* ModelTexture.cpp in Sources */ = {isa = PBXBuildFile; fileRef = A389CE301EAF2AD7004B3050 /* ModelTexture.cpp */; };
		A389CE4C1EAF2AD7004B3050 /* ObjModel.cpp in Sources */ = {isa = PBXBuildFile; fileRef = A389CE321EAF2AD7004B3050 /* ObjModel.cpp */; };
		A389CE4D1EAF2AD7004B3050 /* PointLight.cpp in Sources */ = {isa = PBXBuildFile; fileRef = A389CE341EAF2AD7004B3050 /* PointLight.cpp */; };
		A389CE4E1EAF2AD7004B3050 /* RawModel.cpp in Sources */ = {isa = PBXBuildFile; fileRef = A389CE361EAF2AD7004B3050 /* RawModel.cpp */; };
		A389CE4F1EAF2AD7004B3050 /* Shader.cpp in Sources */ = {isa = PBXBuildFile; fileRef = A389CE381EAF2AD7004B3050 /* Shader.cpp */; };
		A389CE501EAF2AD7004B3050 /* StaticShader.cpp in Sources */ = {isa = PBXBuildFile; fileRef = A389CE3B1EAF2AD7004B3050 /* StaticShader.cpp */; };
		A389CE511EAF2AD7004B3050 /* Terrain.cpp in Sources */ = {isa = PBXBuildFile; fileRef = A389CE3D1EAF2AD7004B3050 /* Terrain.cpp */; };
		A389CE521EAF2AD7004B3050 /* TerrainRender.cpp in Sources */ = {isa = PBXBuildFile; fileRef = A389CE3F1EAF2AD7004B3050 /* TerrainRender.cpp */; };
		A389CE531EAF2AD7004B3050 /* TerrainShader.cpp in Sources */ = {isa = PBXBuildFile; fileRef = A389CE411EAF2AD7004B3050 /* TerrainShader.cpp */; };
		A389CE541EAF2AD7004B3050 /* TextureModel.cpp in Sources */ = {isa = PBXBuildFile; fileRef = A389CE431EAF2AD7004B3050 /* TextureModel.cpp */; };
		A389CE611EAF2B76004B3050 /* libassimp.3.3.1.dylib in Frameworks */ = {isa = PBXBuildFile; fileRef = A389CE5E1EAF2B76004B3050 /* libassimp.3.3.1.dylib */; };
		A389CE621EAF2B76004B3050 /* libassimp.3.3.1.dylib in Frameworks */ = {isa = PBXBuildFile; fileRef = A389CE5F1EAF2B76004B3050 /* libassimp.3.3.1.dylib */; };
		A389CE631EAF2B76004B3050 /* libassimp.a in Frameworks */ = {isa = PBXBuildFile; fileRef = A389CE601EAF2B76004B3050 /* libassimp.a */; };
		A389CE661EAF7B4C004B3050 /* ModelRender.cpp in Sources */ = {isa = PBXBuildFile; fileRef = A389CE641EAF7B4C004B3050 /* ModelRender.cpp */; };
/* End PBXBuildFile section */

/* Begin PBXCopyFilesBuildPhase section */
		A34774681EA5AB1B00B136CF /* CopyFiles */ = {
			isa = PBXCopyFilesBuildPhase;
			buildActionMask = 2147483647;
			dstPath = /usr/share/man/man1/;
			dstSubfolderSpec = 0;
			files = (
			);
			runOnlyForDeploymentPostprocessing = 1;
		};
/* End PBXCopyFilesBuildPhase section */

/* Begin PBXFileReference section */
		A347746A1EA5AB1B00B136CF /* AnimationPro */ = {isa = PBXFileReference; explicitFileType = "compiled.mach-o.executable"; includeInIndex = 0; path = AnimationPro; sourceTree = BUILT_PRODUCTS_DIR; };
		A347746D1EA5AB1B00B136CF /* main.cpp */ = {isa = PBXFileReference; lastKnownFileType = sourcecode.cpp.cpp; path = main.cpp; sourceTree = "<group>"; };
		A34774751EA5AB4600B136CF /* Cocoa.framework */ = {isa = PBXFileReference; lastKnownFileType = wrapper.framework; name = Cocoa.framework; path = System/Library/Frameworks/Cocoa.framework; sourceTree = SDKROOT; };
		A34774761EA5AB4600B136CF /* CoreVideo.framework */ = {isa = PBXFileReference; lastKnownFileType = wrapper.framework; name = CoreVideo.framework; path = System/Library/Frameworks/CoreVideo.framework; sourceTree = SDKROOT; };
		A34774771EA5AB4600B136CF /* IOKit.framework */ = {isa = PBXFileReference; lastKnownFileType = wrapper.framework; name = IOKit.framework; path = System/Library/Frameworks/IOKit.framework; sourceTree = SDKROOT; };
		A34774781EA5AB4600B136CF /* OpenGL.framework */ = {isa = PBXFileReference; lastKnownFileType = wrapper.framework; name = OpenGL.framework; path = System/Library/Frameworks/OpenGL.framework; sourceTree = SDKROOT; };
		A347747D1EA5AB5F00B136CF /* libglfw3.a */ = {isa = PBXFileReference; lastKnownFileType = archive.ar; name = libglfw3.a; path = ../../../../../../usr/local/lib/libglfw3.a; sourceTree = "<group>"; };
		A347747E1EA5AB5F00B136CF /* libSOIL.a */ = {isa = PBXFileReference; lastKnownFileType = archive.ar; name = libSOIL.a; path = ../../../../../../usr/local/lib/libSOIL.a; sourceTree = "<group>"; };
		A389CE231EAF2AD7004B3050 /* assets */ = {isa = PBXFileReference; lastKnownFileType = folder; path = assets; sourceTree = "<group>"; };
		A389CE241EAF2AD7004B3050 /* Camera.cpp */ = {isa = PBXFileReference; fileEncoding = 4; lastKnownFileType = sourcecode.cpp.cpp; path = Camera.cpp; sourceTree = "<group>"; };
		A389CE251EAF2AD7004B3050 /* Camera.hpp */ = {isa = PBXFileReference; fileEncoding = 4; lastKnownFileType = sourcecode.cpp.h; path = Camera.hpp; sourceTree = "<group>"; };
		A389CE261EAF2AD7004B3050 /* DirectionalLight.cpp */ = {isa = PBXFileReference; fileEncoding = 4; lastKnownFileType = sourcecode.cpp.cpp; path = DirectionalLight.cpp; sourceTree = "<group>"; };
		A389CE271EAF2AD7004B3050 /* DirectionalLight.hpp */ = {isa = PBXFileReference; fileEncoding = 4; lastKnownFileType = sourcecode.cpp.h; path = DirectionalLight.hpp; sourceTree = "<group>"; };
		A389CE281EAF2AD7004B3050 /* Light.cpp */ = {isa = PBXFileReference; fileEncoding = 4; lastKnownFileType = sourcecode.cpp.cpp; path = Light.cpp; sourceTree = "<group>"; };
		A389CE291EAF2AD7004B3050 /* Light.hpp */ = {isa = PBXFileReference; fileEncoding = 4; lastKnownFileType = sourcecode.cpp.h; path = Light.hpp; sourceTree = "<group>"; };
		A389CE2A1EAF2AD7004B3050 /* Loader.cpp */ = {isa = PBXFileReference; fileEncoding = 4; lastKnownFileType = sourcecode.cpp.cpp; path = Loader.cpp; sourceTree = "<group>"; };
		A389CE2B1EAF2AD7004B3050 /* Loader.hpp */ = {isa = PBXFileReference; fileEncoding = 4; lastKnownFileType = sourcecode.cpp.h; path = Loader.hpp; sourceTree = "<group>"; };
		A389CE2C1EAF2AD7004B3050 /* Mesh.cpp */ = {isa = PBXFileReference; fileEncoding = 4; lastKnownFileType = sourcecode.cpp.cpp; path = Mesh.cpp; sourceTree = "<group>"; };
		A389CE2D1EAF2AD7004B3050 /* Mesh.hpp */ = {isa = PBXFileReference; fileEncoding = 4; lastKnownFileType = sourcecode.cpp.h; path = Mesh.hpp; sourceTree = "<group>"; };
		A389CE2E1EAF2AD7004B3050 /* ModelShader.cpp */ = {isa = PBXFileReference; fileEncoding = 4; lastKnownFileType = sourcecode.cpp.cpp; path = ModelShader.cpp; sourceTree = "<group>"; };
		A389CE2F1EAF2AD7004B3050 /* ModelShader.hpp */ = {isa = PBXFileReference; fileEncoding = 4; lastKnownFileType = sourcecode.cpp.h; path = ModelShader.hpp; sourceTree = "<group>"; };
		A389CE301EAF2AD7004B3050 /* ModelTexture.cpp */ = {isa = PBXFileReference; fileEncoding = 4; lastKnownFileType = sourcecode.cpp.cpp; path = ModelTexture.cpp; sourceTree = "<group>"; };
		A389CE311EAF2AD7004B3050 /* ModelTexture.hpp */ = {isa = PBXFileReference; fileEncoding = 4; lastKnownFileType = sourcecode.cpp.h; path = ModelTexture.hpp; sourceTree = "<group>"; };
		A389CE321EAF2AD7004B3050 /* ObjModel.cpp */ = {isa = PBXFileReference; fileEncoding = 4; lastKnownFileType = sourcecode.cpp.cpp; path = ObjModel.cpp; sourceTree = "<group>"; };
		A389CE331EAF2AD7004B3050 /* ObjModel.hpp */ = {isa = PBXFileReference; fileEncoding = 4; lastKnownFileType = sourcecode.cpp.h; path = ObjModel.hpp; sourceTree = "<group>"; };
		A389CE341EAF2AD7004B3050 /* PointLight.cpp */ = {isa = PBXFileReference; fileEncoding = 4; lastKnownFileType = sourcecode.cpp.cpp; path = PointLight.cpp; sourceTree = "<group>"; };
		A389CE351EAF2AD7004B3050 /* PointLight.hpp */ = {isa = PBXFileReference; fileEncoding = 4; lastKnownFileType = sourcecode.cpp.h; path = PointLight.hpp; sourceTree = "<group>"; };
		A389CE361EAF2AD7004B3050 /* RawModel.cpp */ = {isa = PBXFileReference; fileEncoding = 4; lastKnownFileType = sourcecode.cpp.cpp; path = RawModel.cpp; sourceTree = "<group>"; };
		A389CE371EAF2AD7004B3050 /* RawModel.hpp */ = {isa = PBXFileReference; fileEncoding = 4; lastKnownFileType = sourcecode.cpp.h; path = RawModel.hpp; sourceTree = "<group>"; };
		A389CE381EAF2AD7004B3050 /* Shader.cpp */ = {isa = PBXFileReference; fileEncoding = 4; lastKnownFileType = sourcecode.cpp.cpp; path = Shader.cpp; sourceTree = "<group>"; };
		A389CE391EAF2AD7004B3050 /* Shader.hpp */ = {isa = PBXFileReference; fileEncoding = 4; lastKnownFileType = sourcecode.cpp.h; path = Shader.hpp; sourceTree = "<group>"; };
		A389CE3A1EAF2AD7004B3050 /* shaderSources */ = {isa = PBXFileReference; lastKnownFileType = folder; path = shaderSources; sourceTree = "<group>"; };
		A389CE3B1EAF2AD7004B3050 /* StaticShader.cpp */ = {isa = PBXFileReference; fileEncoding = 4; lastKnownFileType = sourcecode.cpp.cpp; path = StaticShader.cpp; sourceTree = "<group>"; };
		A389CE3C1EAF2AD7004B3050 /* StaticShader.hpp */ = {isa = PBXFileReference; fileEncoding = 4; lastKnownFileType = sourcecode.cpp.h; path = StaticShader.hpp; sourceTree = "<group>"; };
		A389CE3D1EAF2AD7004B3050 /* Terrain.cpp */ = {isa = PBXFileReference; fileEncoding = 4; lastKnownFileType = sourcecode.cpp.cpp; path = Terrain.cpp; sourceTree = "<group>"; };
		A389CE3E1EAF2AD7004B3050 /* Terrain.hpp */ = {isa = PBXFileReference; fileEncoding = 4; lastKnownFileType = sourcecode.cpp.h; path = Terrain.hpp; sourceTree = "<group>"; };
		A389CE3F1EAF2AD7004B3050 /* TerrainRender.cpp */ = {isa = PBXFileReference; fileEncoding = 4; lastKnownFileType = sourcecode.cpp.cpp; path = TerrainRender.cpp; sourceTree = "<group>"; };
		A389CE401EAF2AD7004B3050 /* TerrainRender.hpp */ = {isa = PBXFileReference; fileEncoding = 4; lastKnownFileType = sourcecode.cpp.h; path = TerrainRender.hpp; sourceTree = "<group>"; };
		A389CE411EAF2AD7004B3050 /* TerrainShader.cpp */ = {isa = PBXFileReference; fileEncoding = 4; lastKnownFileType = sourcecode.cpp.cpp; path = TerrainShader.cpp; sourceTree = "<group>"; };
		A389CE421EAF2AD7004B3050 /* TerrainShader.hpp */ = {isa = PBXFileReference; fileEncoding = 4; lastKnownFileType = sourcecode.cpp.h; path = TerrainShader.hpp; sourceTree = "<group>"; };
		A389CE431EAF2AD7004B3050 /* TextureModel.cpp */ = {isa = PBXFileReference; fileEncoding = 4; lastKnownFileType = sourcecode.cpp.cpp; path = TextureModel.cpp; sourceTree = "<group>"; };
		A389CE441EAF2AD7004B3050 /* TextureModel.hpp */ = {isa = PBXFileReference; fileEncoding = 4; lastKnownFileType = sourcecode.cpp.h; path = TextureModel.hpp; sourceTree = "<group>"; };
		A389CE5E1EAF2B76004B3050 /* libassimp.3.3.1.dylib */ = {isa = PBXFileReference; lastKnownFileType = "compiled.mach-o.dylib"; name = libassimp.3.3.1.dylib; path = ../../../../../../usr/local/lib/libassimp.3.3.1.dylib; sourceTree = "<group>"; };
		A389CE5F1EAF2B76004B3050 /* libassimp.3.3.1.dylib */ = {isa = PBXFileReference; lastKnownFileType = "compiled.mach-o.dylib"; name = libassimp.3.3.1.dylib; path = ../../../../../../usr/local/lib/libassimp.3.3.1.dylib; sourceTree = "<group>"; };
		A389CE601EAF2B76004B3050 /* libassimp.a */ = {isa = PBXFileReference; lastKnownFileType = archive.ar; name = libassimp.a; path = ../../../../../../usr/local/lib/libassimp.a; sourceTree = "<group>"; };
		A389CE641EAF7B4C004B3050 /* ModelRender.cpp */ = {isa = PBXFileReference; fileEncoding = 4; lastKnownFileType = sourcecode.cpp.cpp; path = ModelRender.cpp; sourceTree = "<group>"; };
		A389CE651EAF7B4C004B3050 /* ModelRender.hpp */ = {isa = PBXFileReference; fileEncoding = 4; lastKnownFileType = sourcecode.cpp.h; path = ModelRender.hpp; sourceTree = "<group>"; };
/* End PBXFileReference section */

/* Begin PBXFrameworksBuildPhase section */
		A34774671EA5AB1B00B136CF /* Frameworks */ = {
			isa = PBXFrameworksBuildPhase;
			buildActionMask = 2147483647;
			files = (
				A389CE611EAF2B76004B3050 /* libassimp.3.3.1.dylib in Frameworks */,
				A389CE621EAF2B76004B3050 /* libassimp.3.3.1.dylib in Frameworks */,
				A389CE631EAF2B76004B3050 /* libassimp.a in Frameworks */,
				A347747F1EA5AB5F00B136CF /* libglfw3.a in Frameworks */,
				A34774801EA5AB5F00B136CF /* libSOIL.a in Frameworks */,
				A34774791EA5AB4600B136CF /* Cocoa.framework in Frameworks */,
				A347747A1EA5AB4600B136CF /* CoreVideo.framework in Frameworks */,
				A347747B1EA5AB4600B136CF /* IOKit.framework in Frameworks */,
				A347747C1EA5AB4600B136CF /* OpenGL.framework in Frameworks */,
			);
			runOnlyForDeploymentPostprocessing = 0;
		};
/* End PBXFrameworksBuildPhase section */

/* Begin PBXGroup section */
		A34774611EA5AB1B00B136CF = {
			isa = PBXGroup;
			children = (
				A347746C1EA5AB1B00B136CF /* AnimationPro */,
				A347746B1EA5AB1B00B136CF /* Products */,
				A34774741EA5AB4600B136CF /* Frameworks */,
			);
			sourceTree = "<group>";
		};
		A347746B1EA5AB1B00B136CF /* Products */ = {
			isa = PBXGroup;
			children = (
				A347746A1EA5AB1B00B136CF /* AnimationPro */,
			);
			name = Products;
			sourceTree = "<group>";
		};
		A347746C1EA5AB1B00B136CF /* AnimationPro */ = {
			isa = PBXGroup;
			children = (
				A389CE5D1EAF2B53004B3050 /* render */,
				A389CE5C1EAF2B4A004B3050 /* mesh */,
				A389CE5B1EAF2B3D004B3050 /* camera */,
				A389CE5A1EAF2B34004B3050 /* loader */,
				A389CE591EAF2B24004B3050 /* lights */,
				A389CE581EAF2B17004B3050 /* texture */,
				A389CE571EAF2B00004B3050 /* models */,
				A389CE561EAF2AE9004B3050 /* shaders */,
				A389CE551EAF2ADB004B3050 /* terrain */,
				A389CE231EAF2AD7004B3050 /* assets */,
				A347746D1EA5AB1B00B136CF /* main.cpp */,
			);
			path = AnimationPro;
			sourceTree = "<group>";
		};
		A34774741EA5AB4600B136CF /* Frameworks */ = {
			isa = PBXGroup;
			children = (
				A389CE5E1EAF2B76004B3050 /* libassimp.3.3.1.dylib */,
				A389CE5F1EAF2B76004B3050 /* libassimp.3.3.1.dylib */,
				A389CE601EAF2B76004B3050 /* libassimp.a */,
				A347747D1EA5AB5F00B136CF /* libglfw3.a */,
				A347747E1EA5AB5F00B136CF /* libSOIL.a */,
				A34774751EA5AB4600B136CF /* Cocoa.framework */,
				A34774761EA5AB4600B136CF /* CoreVideo.framework */,
				A34774771EA5AB4600B136CF /* IOKit.framework */,
				A34774781EA5AB4600B136CF /* OpenGL.framework */,
			);
			name = Frameworks;
			sourceTree = "<group>";
		};
		A389CE551EAF2ADB004B3050 /* terrain */ = {
			isa = PBXGroup;
			children = (
				A389CE3D1EAF2AD7004B3050 /* Terrain.cpp */,
				A389CE3E1EAF2AD7004B3050 /* Terrain.hpp */,
			);
			name = terrain;
			sourceTree = "<group>";
		};
		A389CE561EAF2AE9004B3050 /* shaders */ = {
			isa = PBXGroup;
			children = (
				A389CE2E1EAF2AD7004B3050 /* ModelShader.cpp */,
				A389CE2F1EAF2AD7004B3050 /* ModelShader.hpp */,
				A389CE381EAF2AD7004B3050 /* Shader.cpp */,
				A389CE391EAF2AD7004B3050 /* Shader.hpp */,
				A389CE3A1EAF2AD7004B3050 /* shaderSources */,
				A389CE3B1EAF2AD7004B3050 /* StaticShader.cpp */,
				A389CE3C1EAF2AD7004B3050 /* StaticShader.hpp */,
				A389CE411EAF2AD7004B3050 /* TerrainShader.cpp */,
				A389CE421EAF2AD7004B3050 /* TerrainShader.hpp */,
			);
			name = shaders;
			sourceTree = "<group>";
		};
		A389CE571EAF2B00004B3050 /* models */ = {
			isa = PBXGroup;
			children = (
				A389CE431EAF2AD7004B3050 /* TextureModel.cpp */,
				A389CE441EAF2AD7004B3050 /* TextureModel.hpp */,
				A389CE321EAF2AD7004B3050 /* ObjModel.cpp */,
				A389CE331EAF2AD7004B3050 /* ObjModel.hpp */,
				A389CE361EAF2AD7004B3050 /* RawModel.cpp */,
				A389CE371EAF2AD7004B3050 /* RawModel.hpp */,
			);
			name = models;
			sourceTree = "<group>";
		};
		A389CE581EAF2B17004B3050 /* texture */ = {
			isa = PBXGroup;
			children = (
				A389CE301EAF2AD7004B3050 /* ModelTexture.cpp */,
				A389CE311EAF2AD7004B3050 /* ModelTexture.hpp */,
			);
			name = texture;
			sourceTree = "<group>";
		};
		A389CE591EAF2B24004B3050 /* lights */ = {
			isa = PBXGroup;
			children = (
				A389CE261EAF2AD7004B3050 /* DirectionalLight.cpp */,
				A389CE271EAF2AD7004B3050 /* DirectionalLight.hpp */,
				A389CE281EAF2AD7004B3050 /* Light.cpp */,
				A389CE291EAF2AD7004B3050 /* Light.hpp */,
				A389CE341EAF2AD7004B3050 /* PointLight.cpp */,
				A389CE351EAF2AD7004B3050 /* PointLight.hpp */,
			);
			name = lights;
			sourceTree = "<group>";
		};
		A389CE5A1EAF2B34004B3050 /* loader */ = {
			isa = PBXGroup;
			children = (
				A389CE2A1EAF2AD7004B3050 /* Loader.cpp */,
				A389CE2B1EAF2AD7004B3050 /* Loader.hpp */,
			);
			name = loader;
			sourceTree = "<group>";
		};
		A389CE5B1EAF2B3D004B3050 /* camera */ = {
			isa = PBXGroup;
			children = (
				A389CE241EAF2AD7004B3050 /* Camera.cpp */,
				A389CE251EAF2AD7004B3050 /* Camera.hpp */,
			);
			name = camera;
			sourceTree = "<group>";
		};
		A389CE5C1EAF2B4A004B3050 /* mesh */ = {
			isa = PBXGroup;
			children = (
				A389CE2C1EAF2AD7004B3050 /* Mesh.cpp */,
				A389CE2D1EAF2AD7004B3050 /* Mesh.hpp */,
			);
			name = mesh;
			sourceTree = "<group>";
		};
		A389CE5D1EAF2B53004B3050 /* render */ = {
			isa = PBXGroup;
			children = (
				A389CE3F1EAF2AD7004B3050 /* TerrainRender.cpp */,
				A389CE401EAF2AD7004B3050 /* TerrainRender.hpp */,
				A389CE641EAF7B4C004B3050 /* ModelRender.cpp */,
				A389CE651EAF7B4C004B3050 /* ModelRender.hpp */,
			);
			name = render;
			sourceTree = "<group>";
		};
/* End PBXGroup section */

/* Begin PBXNativeTarget section */
		A34774691EA5AB1B00B136CF /* AnimationPro */ = {
			isa = PBXNativeTarget;
			buildConfigurationList = A34774711EA5AB1B00B136CF /* Build configuration list for PBXNativeTarget "AnimationPro" */;
			buildPhases = (
				A34774661EA5AB1B00B136CF /* Sources */,
				A34774671EA5AB1B00B136CF /* Frameworks */,
				A34774681EA5AB1B00B136CF /* CopyFiles */,
			);
			buildRules = (
			);
			dependencies = (
			);
			name = AnimationPro;
			productName = AnimationPro;
			productReference = A347746A1EA5AB1B00B136CF /* AnimationPro */;
			productType = "com.apple.product-type.tool";
		};
/* End PBXNativeTarget section */

/* Begin PBXProject section */
		A34774621EA5AB1B00B136CF /* Project object */ = {
			isa = PBXProject;
			attributes = {
				LastUpgradeCheck = 0830;
				ORGANIZATIONNAME = "陈主润";
				TargetAttributes = {
					A34774691EA5AB1B00B136CF = {
						CreatedOnToolsVersion = 8.3.1;
						ProvisioningStyle = Automatic;
					};
				};
			};
			buildConfigurationList = A34774651EA5AB1B00B136CF /* Build configuration list for PBXProject "AnimationPro" */;
			compatibilityVersion = "Xcode 3.2";
			developmentRegion = English;
			hasScannedForEncodings = 0;
			knownRegions = (
				en,
			);
			mainGroup = A34774611EA5AB1B00B136CF;
			productRefGroup = A347746B1EA5AB1B00B136CF /* Products */;
			projectDirPath = "";
			projectRoot = "";
			targets = (
				A34774691EA5AB1B00B136CF /* AnimationPro */,
			);
		};
/* End PBXProject section */

/* Begin PBXSourcesBuildPhase section */
		A34774661EA5AB1B00B136CF /* Sources */ = {
			isa = PBXSourcesBuildPhase;
			buildActionMask = 2147483647;
			files = (
				A389CE4A1EAF2AD7004B3050 /* ModelShader.cpp in Sources */,
				A389CE4D1EAF2AD7004B3050 /* PointLight.cpp in Sources */,
				A389CE491EAF2AD7004B3050 /* Mesh.cpp in Sources */,
				A389CE541EAF2AD7004B3050 /* TextureModel.cpp in Sources */,
				A389CE451EAF2AD7004B3050 /* Camera.cpp in Sources */,
				A389CE4E1EAF2AD7004B3050 /* RawModel.cpp in Sources */,
				A389CE4B1EAF2AD7004B3050 /* ModelTexture.cpp in Sources */,
				A389CE481EAF2AD7004B3050 /* Loader.cpp in Sources */,
				A389CE511EAF2AD7004B3050 /* Terrain.cpp in Sources */,
				A389CE521EAF2AD7004B3050 /* TerrainRender.cpp in Sources */,
				A347746E1EA5AB1B00B136CF /* main.cpp in Sources */,
				A389CE4C1EAF2AD7004B3050 /* ObjModel.cpp in Sources */,
				A389CE501EAF2AD7004B3050 /* StaticShader.cpp in Sources */,
				A389CE471EAF2AD7004B3050 /* Light.cpp in Sources */,
				A389CE4F1EAF2AD7004B3050 /* Shader.cpp in Sources */,
				A389CE531EAF2AD7004B3050 /* TerrainShader.cpp in Sources */,
				A389CE461EAF2AD7004B3050 /* DirectionalLight.cpp in Sources */,
				A389CE661EAF7B4C004B3050 /* ModelRender.cpp in Sources */,
			);
			runOnlyForDeploymentPostprocessing = 0;
		};
/* End PBXSourcesBuildPhase section */

/* Begin XCBuildConfiguration section */
		A347746F1EA5AB1B00B136CF /* Debug */ = {
			isa = XCBuildConfiguration;
			buildSettings = {
				ALWAYS_SEARCH_USER_PATHS = NO;
				CLANG_ANALYZER_NONNULL = YES;
				CLANG_ANALYZER_NUMBER_OBJECT_CONVERSION = YES_AGGRESSIVE;
				CLANG_CXX_LANGUAGE_STANDARD = "gnu++0x";
				CLANG_CXX_LIBRARY = "libc++";
				CLANG_ENABLE_MODULES = YES;
				CLANG_ENABLE_OBJC_ARC = YES;
				CLANG_WARN_BOOL_CONVERSION = YES;
				CLANG_WARN_CONSTANT_CONVERSION = YES;
				CLANG_WARN_DIRECT_OBJC_ISA_USAGE = YES_ERROR;
				CLANG_WARN_DOCUMENTATION_COMMENTS = YES;
				CLANG_WARN_EMPTY_BODY = YES;
				CLANG_WARN_ENUM_CONVERSION = YES;
				CLANG_WARN_INFINITE_RECURSION = YES;
				CLANG_WARN_INT_CONVERSION = YES;
				CLANG_WARN_OBJC_ROOT_CLASS = YES_ERROR;
				CLANG_WARN_SUSPICIOUS_MOVE = YES;
				CLANG_WARN_UNREACHABLE_CODE = YES;
				CLANG_WARN__DUPLICATE_METHOD_MATCH = YES;
				CODE_SIGN_IDENTITY = "-";
				COPY_PHASE_STRIP = NO;
				DEBUG_INFORMATION_FORMAT = dwarf;
				ENABLE_STRICT_OBJC_MSGSEND = YES;
				ENABLE_TESTABILITY = YES;
				GCC_C_LANGUAGE_STANDARD = gnu99;
				GCC_DYNAMIC_NO_PIC = NO;
				GCC_NO_COMMON_BLOCKS = YES;
				GCC_OPTIMIZATION_LEVEL = 0;
				GCC_PREPROCESSOR_DEFINITIONS = (
					"DEBUG=1",
					"$(inherited)",
				);
				GCC_WARN_64_TO_32_BIT_CONVERSION = YES;
				GCC_WARN_ABOUT_RETURN_TYPE = YES_ERROR;
				GCC_WARN_UNDECLARED_SELECTOR = YES;
				GCC_WARN_UNINITIALIZED_AUTOS = YES_AGGRESSIVE;
				GCC_WARN_UNUSED_FUNCTION = YES;
				GCC_WARN_UNUSED_VARIABLE = YES;
				MACOSX_DEPLOYMENT_TARGET = 10.12;
				MTL_ENABLE_DEBUG_INFO = YES;
				ONLY_ACTIVE_ARCH = YES;
				SDKROOT = macosx;
			};
			name = Debug;
		};
		A34774701EA5AB1B00B136CF /* Release */ = {
			isa = XCBuildConfiguration;
			buildSettings = {
				ALWAYS_SEARCH_USER_PATHS = NO;
				CLANG_ANALYZER_NONNULL = YES;
				CLANG_ANALYZER_NUMBER_OBJECT_CONVERSION = YES_AGGRESSIVE;
				CLANG_CXX_LANGUAGE_STANDARD = "gnu++0x";
				CLANG_CXX_LIBRARY = "libc++";
				CLANG_ENABLE_MODULES = YES;
				CLANG_ENABLE_OBJC_ARC = YES;
				CLANG_WARN_BOOL_CONVERSION = YES;
				CLANG_WARN_CONSTANT_CONVERSION = YES;
				CLANG_WARN_DIRECT_OBJC_ISA_USAGE = YES_ERROR;
				CLANG_WARN_DOCUMENTATION_COMMENTS = YES;
				CLANG_WARN_EMPTY_BODY = YES;
				CLANG_WARN_ENUM_CONVERSION = YES;
				CLANG_WARN_INFINITE_RECURSION = YES;
				CLANG_WARN_INT_CONVERSION = YES;
				CLANG_WARN_OBJC_ROOT_CLASS = YES_ERROR;
				CLANG_WARN_SUSPICIOUS_MOVE = YES;
				CLANG_WARN_UNREACHABLE_CODE = YES;
				CLANG_WARN__DUPLICATE_METHOD_MATCH = YES;
				CODE_SIGN_IDENTITY = "-";
				COPY_PHASE_STRIP = NO;
				DEBUG_INFORMATION_FORMAT = "dwarf-with-dsym";
				ENABLE_NS_ASSERTIONS = NO;
				ENABLE_STRICT_OBJC_MSGSEND = YES;
				GCC_C_LANGUAGE_STANDARD = gnu99;
				GCC_NO_COMMON_BLOCKS = YES;
				GCC_WARN_64_TO_32_BIT_CONVERSION = YES;
				GCC_WARN_ABOUT_RETURN_TYPE = YES_ERROR;
				GCC_WARN_UNDECLARED_SELECTOR = YES;
				GCC_WARN_UNINITIALIZED_AUTOS = YES_AGGRESSIVE;
				GCC_WARN_UNUSED_FUNCTION = YES;
				GCC_WARN_UNUSED_VARIABLE = YES;
				MACOSX_DEPLOYMENT_TARGET = 10.12;
				MTL_ENABLE_DEBUG_INFO = NO;
				SDKROOT = macosx;
			};
			name = Release;
		};
		A34774721EA5AB1B00B136CF /* Debug */ = {
			isa = XCBuildConfiguration;
			buildSettings = {
				HEADER_SEARCH_PATHS = /usr/local/include;
				LIBRARY_SEARCH_PATHS = /usr/local/lib;
				OTHER_LDFLAGS = "-lglew";
				PRODUCT_NAME = "$(TARGET_NAME)";
			};
			name = Debug;
		};
		A34774731EA5AB1B00B136CF /* Release */ = {
			isa = XCBuildConfiguration;
			buildSettings = {
				HEADER_SEARCH_PATHS = /usr/local/include;
				LIBRARY_SEARCH_PATHS = /usr/local/lib;
				OTHER_LDFLAGS = "-lglew";
				PRODUCT_NAME = "$(TARGET_NAME)";
			};
			name = Release;
		};
/* End XCBuildConfiguration section */

/* Begin XCConfigurationList section */
		A34774651EA5AB1B00B136CF /* Build configuration list for PBXProject "AnimationPro" */ = {
			isa = XCConfigurationList;
			buildConfigurations = (
				A347746F1EA5AB1B00B136CF /* Debug */,
				A34774701EA5AB1B00B136CF /* Release */,
			);
			defaultConfigurationIsVisible = 0;
			defaultConfigurationName = Release;
		};
		A34774711EA5AB1B00B136CF /* Build configuration list for PBXNativeTarget "AnimationPro" */ = {
			isa = XCConfigurationList;
			buildConfigurations = (
				A34774721EA5AB1B00B136CF /* Debug */,
				A34774731EA5AB1B00B136CF /* Release */,
			);
			defaultConfigurationIsVisible = 0;
			defaultConfigurationName = Release;
		};
/* End XCConfigurationList section */
	};
	rootObject = A34774621EA5AB1B00B136CF /* Project object */;
}
