// !$*UTF8*$!
{
	archiveVersion = 1;
	classes = {
	};
	objectVersion = 46;
	objects = {

/* Begin PBXBuildFile section */
		A33D0FC31EE69ACB00FF3E55 /* ShadowShader.cpp in Sources */ = {isa = PBXBuildFile; fileRef = A33D0FC11EE69ACB00FF3E55 /* ShadowShader.cpp */; };
		A33D0FC81EE69C5100FF3E55 /* ShadowFrameBuffer.cpp in Sources */ = {isa = PBXBuildFile; fileRef = A33D0FC61EE69C5100FF3E55 /* ShadowFrameBuffer.cpp */; };
		A33D0FCB1EE6ADFD00FF3E55 /* ShadowBox.cpp in Sources */ = {isa = PBXBuildFile; fileRef = A33D0FC91EE6ADFD00FF3E55 /* ShadowBox.cpp */; };
		A33D0FCE1EE6D2F600FF3E55 /* ShadowMapRenderer.cpp in Sources */ = {isa = PBXBuildFile; fileRef = A33D0FCC1EE6D2F600FF3E55 /* ShadowMapRenderer.cpp */; };
		A33D0FD21EE6D4A300FF3E55 /* Entity.cpp in Sources */ = {isa = PBXBuildFile; fileRef = A33D0FD01EE6D4A300FF3E55 /* Entity.cpp */; };
		A347746E1EA5AB1B00B136CF /* main.cpp in Sources */ = {isa = PBXBuildFile; fileRef = A347746D1EA5AB1B00B136CF /* main.cpp */; };
		A34774791EA5AB4600B136CF /* Cocoa.framework in Frameworks */ = {isa = PBXBuildFile; fileRef = A34774751EA5AB4600B136CF /* Cocoa.framework */; };
		A347747A1EA5AB4600B136CF /* CoreVideo.framework in Frameworks */ = {isa = PBXBuildFile; fileRef = A34774761EA5AB4600B136CF /* CoreVideo.framework */; };
		A347747B1EA5AB4600B136CF /* IOKit.framework in Frameworks */ = {isa = PBXBuildFile; fileRef = A34774771EA5AB4600B136CF /* IOKit.framework */; };
		A347747C1EA5AB4600B136CF /* OpenGL.framework in Frameworks */ = {isa = PBXBuildFile; fileRef = A34774781EA5AB4600B136CF /* OpenGL.framework */; };
		A347747F1EA5AB5F00B136CF /* libglfw3.a in Frameworks */ = {isa = PBXBuildFile; fileRef = A347747D1EA5AB5F00B136CF /* libglfw3.a */; };
		A34774801EA5AB5F00B136CF /* libSOIL.a in Frameworks */ = {isa = PBXBuildFile; fileRef = A347747E1EA5AB5F00B136CF /* libSOIL.a */; };
		A34D8D591EC568E000E08486 /* Mesh.cpp in Sources */ = {isa = PBXBuildFile; fileRef = A34D8D581EC568E000E08486 /* Mesh.cpp */; };
		A34D8D5D1EC5690300E08486 /* Skybox.cpp in Sources */ = {isa = PBXBuildFile; fileRef = A34D8D5B1EC5690300E08486 /* Skybox.cpp */; };
		A34D8D641EC5694E00E08486 /* ModelRender.cpp in Sources */ = {isa = PBXBuildFile; fileRef = A34D8D5E1EC5694E00E08486 /* ModelRender.cpp */; };
		A34D8D651EC5694E00E08486 /* SkyboxRender.cpp in Sources */ = {isa = PBXBuildFile; fileRef = A34D8D601EC5694E00E08486 /* SkyboxRender.cpp */; };
		A34D8D661EC5694E00E08486 /* TerrainRender.cpp in Sources */ = {isa = PBXBuildFile; fileRef = A34D8D621EC5694E00E08486 /* TerrainRender.cpp */; };
		A34D8D691EC5697A00E08486 /* Camera.cpp in Sources */ = {isa = PBXBuildFile; fileRef = A34D8D671EC5697A00E08486 /* Camera.cpp */; };
		A34D8D6C1EC5698B00E08486 /* Loader.cpp in Sources */ = {isa = PBXBuildFile; fileRef = A34D8D6A1EC5698B00E08486 /* Loader.cpp */; };
		A34D8D731EC5699F00E08486 /* DirectionalLight.cpp in Sources */ = {isa = PBXBuildFile; fileRef = A34D8D6D1EC5699F00E08486 /* DirectionalLight.cpp */; };
		A34D8D741EC5699F00E08486 /* Light.cpp in Sources */ = {isa = PBXBuildFile; fileRef = A34D8D6F1EC5699F00E08486 /* Light.cpp */; };
		A34D8D751EC5699F00E08486 /* PointLight.cpp in Sources */ = {isa = PBXBuildFile; fileRef = A34D8D711EC5699F00E08486 /* PointLight.cpp */; };
		A34D8D7C1EC569BC00E08486 /* ModelTexture.cpp in Sources */ = {isa = PBXBuildFile; fileRef = A34D8D761EC569BC00E08486 /* ModelTexture.cpp */; };
		A34D8D7D1EC569BC00E08486 /* TerrainTexture.cpp in Sources */ = {isa = PBXBuildFile; fileRef = A34D8D781EC569BC00E08486 /* TerrainTexture.cpp */; };
		A34D8D7E1EC569BC00E08486 /* TerrainTexturePack.cpp in Sources */ = {isa = PBXBuildFile; fileRef = A34D8D7A1EC569BC00E08486 /* TerrainTexturePack.cpp */; };
		A34D8D851EC569CF00E08486 /* ObjModel.cpp in Sources */ = {isa = PBXBuildFile; fileRef = A34D8D7F1EC569CF00E08486 /* ObjModel.cpp */; };
		A34D8D861EC569CF00E08486 /* RawModel.cpp in Sources */ = {isa = PBXBuildFile; fileRef = A34D8D811EC569CF00E08486 /* RawModel.cpp */; };
		A34D8D871EC569CF00E08486 /* TextureModel.cpp in Sources */ = {isa = PBXBuildFile; fileRef = A34D8D831EC569CF00E08486 /* TextureModel.cpp */; };
		A34D8D911EC569E300E08486 /* ModelShader.cpp in Sources */ = {isa = PBXBuildFile; fileRef = A34D8D881EC569E300E08486 /* ModelShader.cpp */; };
		A34D8D921EC569E300E08486 /* Shader.cpp in Sources */ = {isa = PBXBuildFile; fileRef = A34D8D8A1EC569E300E08486 /* Shader.cpp */; };
		A34D8D931EC569E300E08486 /* StaticShader.cpp in Sources */ = {isa = PBXBuildFile; fileRef = A34D8D8D1EC569E300E08486 /* StaticShader.cpp */; };
		A34D8D941EC569E300E08486 /* TerrainShader.cpp in Sources */ = {isa = PBXBuildFile; fileRef = A34D8D8F1EC569E300E08486 /* TerrainShader.cpp */; };
		A34D8D971EC569F200E08486 /* Terrain.cpp in Sources */ = {isa = PBXBuildFile; fileRef = A34D8D951EC569F200E08486 /* Terrain.cpp */; };
		A389CE611EAF2B76004B3050 /* libassimp.3.3.1.dylib in Frameworks */ = {isa = PBXBuildFile; fileRef = A389CE5E1EAF2B76004B3050 /* libassimp.3.3.1.dylib */; };
		A389CE621EAF2B76004B3050 /* libassimp.3.3.1.dylib in Frameworks */ = {isa = PBXBuildFile; fileRef = A389CE5F1EAF2B76004B3050 /* libassimp.3.3.1.dylib */; };
		A389CE631EAF2B76004B3050 /* libassimp.a in Frameworks */ = {isa = PBXBuildFile; fileRef = A389CE601EAF2B76004B3050 /* libassimp.a */; };
		A39A75441ECB372000AC9486 /* SkeletalModel.cpp in Sources */ = {isa = PBXBuildFile; fileRef = A39A75421ECB372000AC9486 /* SkeletalModel.cpp */; };
		A39A754A1ECB3A2900AC9486 /* AMesh.cpp in Sources */ = {isa = PBXBuildFile; fileRef = A39A75481ECB3A2900AC9486 /* AMesh.cpp */; };
		A39A754E1ECC1AA600AC9486 /* Utils.cpp in Sources */ = {isa = PBXBuildFile; fileRef = A39A754C1ECC1AA600AC9486 /* Utils.cpp */; };
		A39A75511ECC423C00AC9486 /* SkeletalRender.cpp in Sources */ = {isa = PBXBuildFile; fileRef = A39A754F1ECC423C00AC9486 /* SkeletalRender.cpp */; };
		A39A75551ECC767400AC9486 /* Bone.cpp in Sources */ = {isa = PBXBuildFile; fileRef = A39A75531ECC767400AC9486 /* Bone.cpp */; };
		A3B94A5E1ECD6074002461F5 /* Animation.cpp in Sources */ = {isa = PBXBuildFile; fileRef = A3B94A5C1ECD6074002461F5 /* Animation.cpp */; };
		A3B96C7D1EE1201B003C0DE3 /* RectangleModel.cpp in Sources */ = {isa = PBXBuildFile; fileRef = A3B96C7B1EE1201B003C0DE3 /* RectangleModel.cpp */; };
		A3B96C801EE1249A003C0DE3 /* RectangleRender.cpp in Sources */ = {isa = PBXBuildFile; fileRef = A3B96C7E1EE1249A003C0DE3 /* RectangleRender.cpp */; };
		A3E66A641ED6695A00FCA639 /* cubeRender.cpp in Sources */ = {isa = PBXBuildFile; fileRef = A3E66A621ED6695A00FCA639 /* cubeRender.cpp */; };
		A3E66A671ED712BE00FCA639 /* PolygonModel.cpp in Sources */ = {isa = PBXBuildFile; fileRef = A3E66A651ED712BE00FCA639 /* PolygonModel.cpp */; };
/* End PBXBuildFile section */

/* Begin PBXCopyFilesBuildPhase section */
		A34774681EA5AB1B00B136CF /* CopyFiles */ = {
			isa = PBXCopyFilesBuildPhase;
			buildActionMask = 2147483647;
			dstPath = /usr/share/man/man1/;
			dstSubfolderSpec = 0;
			files = (
			);
			runOnlyForDeploymentPostprocessing = 1;
		};
/* End PBXCopyFilesBuildPhase section */

/* Begin PBXFileReference section */
		A33D0FC11EE69ACB00FF3E55 /* ShadowShader.cpp */ = {isa = PBXFileReference; fileEncoding = 4; lastKnownFileType = sourcecode.cpp.cpp; name = ShadowShader.cpp; path = shadows/ShadowShader.cpp; sourceTree = "<group>"; };
		A33D0FC21EE69ACB00FF3E55 /* ShadowShader.hpp */ = {isa = PBXFileReference; fileEncoding = 4; lastKnownFileType = sourcecode.cpp.h; name = ShadowShader.hpp; path = shadows/ShadowShader.hpp; sourceTree = "<group>"; };
		A33D0FC41EE69BF400FF3E55 /* shadow.frag */ = {isa = PBXFileReference; fileEncoding = 4; lastKnownFileType = sourcecode.glsl; name = shadow.frag; path = shadows/shadow.frag; sourceTree = "<group>"; };
		A33D0FC51EE69BF400FF3E55 /* shadow.vs */ = {isa = PBXFileReference; fileEncoding = 4; lastKnownFileType = sourcecode.glsl; name = shadow.vs; path = shadows/shadow.vs; sourceTree = "<group>"; };
		A33D0FC61EE69C5100FF3E55 /* ShadowFrameBuffer.cpp */ = {isa = PBXFileReference; fileEncoding = 4; lastKnownFileType = sourcecode.cpp.cpp; name = ShadowFrameBuffer.cpp; path = shadows/ShadowFrameBuffer.cpp; sourceTree = "<group>"; };
		A33D0FC71EE69C5100FF3E55 /* ShadowFrameBuffer.hpp */ = {isa = PBXFileReference; fileEncoding = 4; lastKnownFileType = sourcecode.cpp.h; name = ShadowFrameBuffer.hpp; path = shadows/ShadowFrameBuffer.hpp; sourceTree = "<group>"; };
		A33D0FC91EE6ADFD00FF3E55 /* ShadowBox.cpp */ = {isa = PBXFileReference; fileEncoding = 4; lastKnownFileType = sourcecode.cpp.cpp; name = ShadowBox.cpp; path = shadows/ShadowBox.cpp; sourceTree = "<group>"; };
		A33D0FCA1EE6ADFD00FF3E55 /* ShadowBox.hpp */ = {isa = PBXFileReference; fileEncoding = 4; lastKnownFileType = sourcecode.cpp.h; name = ShadowBox.hpp; path = shadows/ShadowBox.hpp; sourceTree = "<group>"; };
		A33D0FCC1EE6D2F600FF3E55 /* ShadowMapRenderer.cpp */ = {isa = PBXFileReference; fileEncoding = 4; lastKnownFileType = sourcecode.cpp.cpp; name = ShadowMapRenderer.cpp; path = shadows/ShadowMapRenderer.cpp; sourceTree = "<group>"; };
		A33D0FCD1EE6D2F600FF3E55 /* ShadowMapRenderer.hpp */ = {isa = PBXFileReference; fileEncoding = 4; lastKnownFileType = sourcecode.cpp.h; name = ShadowMapRenderer.hpp; path = shadows/ShadowMapRenderer.hpp; sourceTree = "<group>"; };
		A33D0FD01EE6D4A300FF3E55 /* Entity.cpp */ = {isa = PBXFileReference; fileEncoding = 4; lastKnownFileType = sourcecode.cpp.cpp; name = Entity.cpp; path = entities/Entity.cpp; sourceTree = "<group>"; };
		A33D0FD11EE6D4A300FF3E55 /* Entity.hpp */ = {isa = PBXFileReference; fileEncoding = 4; lastKnownFileType = sourcecode.cpp.h; name = Entity.hpp; path = entities/Entity.hpp; sourceTree = "<group>"; };
		A347746A1EA5AB1B00B136CF /* AnimationPro */ = {isa = PBXFileReference; explicitFileType = "compiled.mach-o.executable"; includeInIndex = 0; path = AnimationPro; sourceTree = BUILT_PRODUCTS_DIR; };
		A347746D1EA5AB1B00B136CF /* main.cpp */ = {isa = PBXFileReference; lastKnownFileType = sourcecode.cpp.cpp; path = main.cpp; sourceTree = "<group>"; };
		A34774751EA5AB4600B136CF /* Cocoa.framework */ = {isa = PBXFileReference; lastKnownFileType = wrapper.framework; name = Cocoa.framework; path = System/Library/Frameworks/Cocoa.framework; sourceTree = SDKROOT; };
		A34774761EA5AB4600B136CF /* CoreVideo.framework */ = {isa = PBXFileReference; lastKnownFileType = wrapper.framework; name = CoreVideo.framework; path = System/Library/Frameworks/CoreVideo.framework; sourceTree = SDKROOT; };
		A34774771EA5AB4600B136CF /* IOKit.framework */ = {isa = PBXFileReference; lastKnownFileType = wrapper.framework; name = IOKit.framework; path = System/Library/Frameworks/IOKit.framework; sourceTree = SDKROOT; };
		A34774781EA5AB4600B136CF /* OpenGL.framework */ = {isa = PBXFileReference; lastKnownFileType = wrapper.framework; name = OpenGL.framework; path = System/Library/Frameworks/OpenGL.framework; sourceTree = SDKROOT; };
		A347747D1EA5AB5F00B136CF /* libglfw3.a */ = {isa = PBXFileReference; lastKnownFileType = archive.ar; name = libglfw3.a; path = ../../../../../../usr/local/lib/libglfw3.a; sourceTree = "<group>"; };
		A347747E1EA5AB5F00B136CF /* libSOIL.a */ = {isa = PBXFileReference; lastKnownFileType = archive.ar; name = libSOIL.a; path = ../../../../../../usr/local/lib/libSOIL.a; sourceTree = "<group>"; };
		A34D8D581EC568E000E08486 /* Mesh.cpp */ = {isa = PBXFileReference; fileEncoding = 4; lastKnownFileType = sourcecode.cpp.cpp; name = Mesh.cpp; path = mesh/Mesh.cpp; sourceTree = "<group>"; };
		A34D8D5A1EC568EA00E08486 /* Mesh.hpp */ = {isa = PBXFileReference; fileEncoding = 4; lastKnownFileType = sourcecode.cpp.h; name = Mesh.hpp; path = mesh/Mesh.hpp; sourceTree = "<group>"; };
		A34D8D5B1EC5690300E08486 /* Skybox.cpp */ = {isa = PBXFileReference; fileEncoding = 4; lastKnownFileType = sourcecode.cpp.cpp; name = Skybox.cpp; path = skybox/Skybox.cpp; sourceTree = "<group>"; };
		A34D8D5C1EC5690300E08486 /* Skybox.hpp */ = {isa = PBXFileReference; fileEncoding = 4; lastKnownFileType = sourcecode.cpp.h; name = Skybox.hpp; path = skybox/Skybox.hpp; sourceTree = "<group>"; };
		A34D8D5E1EC5694E00E08486 /* ModelRender.cpp */ = {isa = PBXFileReference; fileEncoding = 4; lastKnownFileType = sourcecode.cpp.cpp; name = ModelRender.cpp; path = renderer/ModelRender.cpp; sourceTree = "<group>"; };
		A34D8D5F1EC5694E00E08486 /* ModelRender.hpp */ = {isa = PBXFileReference; fileEncoding = 4; lastKnownFileType = sourcecode.cpp.h; name = ModelRender.hpp; path = renderer/ModelRender.hpp; sourceTree = "<group>"; };
		A34D8D601EC5694E00E08486 /* SkyboxRender.cpp */ = {isa = PBXFileReference; fileEncoding = 4; lastKnownFileType = sourcecode.cpp.cpp; name = SkyboxRender.cpp; path = renderer/SkyboxRender.cpp; sourceTree = "<group>"; };
		A34D8D611EC5694E00E08486 /* SkyboxRender.hpp */ = {isa = PBXFileReference; fileEncoding = 4; lastKnownFileType = sourcecode.cpp.h; name = SkyboxRender.hpp; path = renderer/SkyboxRender.hpp; sourceTree = "<group>"; };
		A34D8D621EC5694E00E08486 /* TerrainRender.cpp */ = {isa = PBXFileReference; fileEncoding = 4; lastKnownFileType = sourcecode.cpp.cpp; name = TerrainRender.cpp; path = renderer/TerrainRender.cpp; sourceTree = "<group>"; };
		A34D8D631EC5694E00E08486 /* TerrainRender.hpp */ = {isa = PBXFileReference; fileEncoding = 4; lastKnownFileType = sourcecode.cpp.h; name = TerrainRender.hpp; path = renderer/TerrainRender.hpp; sourceTree = "<group>"; };
		A34D8D671EC5697A00E08486 /* Camera.cpp */ = {isa = PBXFileReference; fileEncoding = 4; lastKnownFileType = sourcecode.cpp.cpp; name = Camera.cpp; path = camera/Camera.cpp; sourceTree = "<group>"; };
		A34D8D681EC5697A00E08486 /* Camera.hpp */ = {isa = PBXFileReference; fileEncoding = 4; lastKnownFileType = sourcecode.cpp.h; name = Camera.hpp; path = camera/Camera.hpp; sourceTree = "<group>"; };
		A34D8D6A1EC5698B00E08486 /* Loader.cpp */ = {isa = PBXFileReference; fileEncoding = 4; lastKnownFileType = sourcecode.cpp.cpp; name = Loader.cpp; path = loader/Loader.cpp; sourceTree = "<group>"; };
		A34D8D6B1EC5698B00E08486 /* Loader.hpp */ = {isa = PBXFileReference; fileEncoding = 4; lastKnownFileType = sourcecode.cpp.h; name = Loader.hpp; path = loader/Loader.hpp; sourceTree = "<group>"; };
		A34D8D6D1EC5699F00E08486 /* DirectionalLight.cpp */ = {isa = PBXFileReference; fileEncoding = 4; lastKnownFileType = sourcecode.cpp.cpp; name = DirectionalLight.cpp; path = lights/DirectionalLight.cpp; sourceTree = "<group>"; };
		A34D8D6E1EC5699F00E08486 /* DirectionalLight.hpp */ = {isa = PBXFileReference; fileEncoding = 4; lastKnownFileType = sourcecode.cpp.h; name = DirectionalLight.hpp; path = lights/DirectionalLight.hpp; sourceTree = "<group>"; };
		A34D8D6F1EC5699F00E08486 /* Light.cpp */ = {isa = PBXFileReference; fileEncoding = 4; lastKnownFileType = sourcecode.cpp.cpp; name = Light.cpp; path = lights/Light.cpp; sourceTree = "<group>"; };
		A34D8D701EC5699F00E08486 /* Light.hpp */ = {isa = PBXFileReference; fileEncoding = 4; lastKnownFileType = sourcecode.cpp.h; name = Light.hpp; path = lights/Light.hpp; sourceTree = "<group>"; };
		A34D8D711EC5699F00E08486 /* PointLight.cpp */ = {isa = PBXFileReference; fileEncoding = 4; lastKnownFileType = sourcecode.cpp.cpp; name = PointLight.cpp; path = lights/PointLight.cpp; sourceTree = "<group>"; };
		A34D8D721EC5699F00E08486 /* PointLight.hpp */ = {isa = PBXFileReference; fileEncoding = 4; lastKnownFileType = sourcecode.cpp.h; name = PointLight.hpp; path = lights/PointLight.hpp; sourceTree = "<group>"; };
		A34D8D761EC569BC00E08486 /* ModelTexture.cpp */ = {isa = PBXFileReference; fileEncoding = 4; lastKnownFileType = sourcecode.cpp.cpp; name = ModelTexture.cpp; path = texture/ModelTexture.cpp; sourceTree = "<group>"; };
		A34D8D771EC569BC00E08486 /* ModelTexture.hpp */ = {isa = PBXFileReference; fileEncoding = 4; lastKnownFileType = sourcecode.cpp.h; name = ModelTexture.hpp; path = texture/ModelTexture.hpp; sourceTree = "<group>"; };
		A34D8D781EC569BC00E08486 /* TerrainTexture.cpp */ = {isa = PBXFileReference; fileEncoding = 4; lastKnownFileType = sourcecode.cpp.cpp; name = TerrainTexture.cpp; path = texture/TerrainTexture.cpp; sourceTree = "<group>"; };
		A34D8D791EC569BC00E08486 /* TerrainTexture.hpp */ = {isa = PBXFileReference; fileEncoding = 4; lastKnownFileType = sourcecode.cpp.h; name = TerrainTexture.hpp; path = texture/TerrainTexture.hpp; sourceTree = "<group>"; };
		A34D8D7A1EC569BC00E08486 /* TerrainTexturePack.cpp */ = {isa = PBXFileReference; fileEncoding = 4; lastKnownFileType = sourcecode.cpp.cpp; name = TerrainTexturePack.cpp; path = texture/TerrainTexturePack.cpp; sourceTree = "<group>"; };
		A34D8D7B1EC569BC00E08486 /* TerrainTexturePack.hpp */ = {isa = PBXFileReference; fileEncoding = 4; lastKnownFileType = sourcecode.cpp.h; name = TerrainTexturePack.hpp; path = texture/TerrainTexturePack.hpp; sourceTree = "<group>"; };
		A34D8D7F1EC569CF00E08486 /* ObjModel.cpp */ = {isa = PBXFileReference; fileEncoding = 4; lastKnownFileType = sourcecode.cpp.cpp; name = ObjModel.cpp; path = models/ObjModel.cpp; sourceTree = "<group>"; };
		A34D8D801EC569CF00E08486 /* ObjModel.hpp */ = {isa = PBXFileReference; fileEncoding = 4; lastKnownFileType = sourcecode.cpp.h; name = ObjModel.hpp; path = models/ObjModel.hpp; sourceTree = "<group>"; };
		A34D8D811EC569CF00E08486 /* RawModel.cpp */ = {isa = PBXFileReference; fileEncoding = 4; lastKnownFileType = sourcecode.cpp.cpp; name = RawModel.cpp; path = models/RawModel.cpp; sourceTree = "<group>"; };
		A34D8D821EC569CF00E08486 /* RawModel.hpp */ = {isa = PBXFileReference; fileEncoding = 4; lastKnownFileType = sourcecode.cpp.h; name = RawModel.hpp; path = models/RawModel.hpp; sourceTree = "<group>"; };
		A34D8D831EC569CF00E08486 /* TextureModel.cpp */ = {isa = PBXFileReference; fileEncoding = 4; lastKnownFileType = sourcecode.cpp.cpp; name = TextureModel.cpp; path = models/TextureModel.cpp; sourceTree = "<group>"; };
		A34D8D841EC569CF00E08486 /* TextureModel.hpp */ = {isa = PBXFileReference; fileEncoding = 4; lastKnownFileType = sourcecode.cpp.h; name = TextureModel.hpp; path = models/TextureModel.hpp; sourceTree = "<group>"; };
		A34D8D881EC569E300E08486 /* ModelShader.cpp */ = {isa = PBXFileReference; fileEncoding = 4; lastKnownFileType = sourcecode.cpp.cpp; name = ModelShader.cpp; path = shaders/ModelShader.cpp; sourceTree = "<group>"; };
		A34D8D891EC569E300E08486 /* ModelShader.hpp */ = {isa = PBXFileReference; fileEncoding = 4; lastKnownFileType = sourcecode.cpp.h; name = ModelShader.hpp; path = shaders/ModelShader.hpp; sourceTree = "<group>"; };
		A34D8D8A1EC569E300E08486 /* Shader.cpp */ = {isa = PBXFileReference; fileEncoding = 4; lastKnownFileType = sourcecode.cpp.cpp; name = Shader.cpp; path = shaders/Shader.cpp; sourceTree = "<group>"; };
		A34D8D8B1EC569E300E08486 /* Shader.hpp */ = {isa = PBXFileReference; fileEncoding = 4; lastKnownFileType = sourcecode.cpp.h; name = Shader.hpp; path = shaders/Shader.hpp; sourceTree = "<group>"; };
		A34D8D8C1EC569E300E08486 /* shaderSources */ = {isa = PBXFileReference; lastKnownFileType = folder; name = shaderSources; path = shaders/shaderSources; sourceTree = "<group>"; };
		A34D8D8D1EC569E300E08486 /* StaticShader.cpp */ = {isa = PBXFileReference; fileEncoding = 4; lastKnownFileType = sourcecode.cpp.cpp; name = StaticShader.cpp; path = shaders/StaticShader.cpp; sourceTree = "<group>"; };
		A34D8D8E1EC569E300E08486 /* StaticShader.hpp */ = {isa = PBXFileReference; fileEncoding = 4; lastKnownFileType = sourcecode.cpp.h; name = StaticShader.hpp; path = shaders/StaticShader.hpp; sourceTree = "<group>"; };
		A34D8D8F1EC569E300E08486 /* TerrainShader.cpp */ = {isa = PBXFileReference; fileEncoding = 4; lastKnownFileType = sourcecode.cpp.cpp; name = TerrainShader.cpp; path = shaders/TerrainShader.cpp; sourceTree = "<group>"; };
		A34D8D901EC569E300E08486 /* TerrainShader.hpp */ = {isa = PBXFileReference; fileEncoding = 4; lastKnownFileType = sourcecode.cpp.h; name = TerrainShader.hpp; path = shaders/TerrainShader.hpp; sourceTree = "<group>"; };
		A34D8D951EC569F200E08486 /* Terrain.cpp */ = {isa = PBXFileReference; fileEncoding = 4; lastKnownFileType = sourcecode.cpp.cpp; name = Terrain.cpp; path = terrain/Terrain.cpp; sourceTree = "<group>"; };
		A34D8D961EC569F200E08486 /* Terrain.hpp */ = {isa = PBXFileReference; fileEncoding = 4; lastKnownFileType = sourcecode.cpp.h; name = Terrain.hpp; path = terrain/Terrain.hpp; sourceTree = "<group>"; };
		A389CE231EAF2AD7004B3050 /* assets */ = {isa = PBXFileReference; lastKnownFileType = folder; path = assets; sourceTree = "<group>"; };
		A389CE5E1EAF2B76004B3050 /* libassimp.3.3.1.dylib */ = {isa = PBXFileReference; lastKnownFileType = "compiled.mach-o.dylib"; name = libassimp.3.3.1.dylib; path = ../../../../../../usr/local/lib/libassimp.3.3.1.dylib; sourceTree = "<group>"; };
		A389CE5F1EAF2B76004B3050 /* libassimp.3.3.1.dylib */ = {isa = PBXFileReference; lastKnownFileType = "compiled.mach-o.dylib"; name = libassimp.3.3.1.dylib; path = ../../../../../../usr/local/lib/libassimp.3.3.1.dylib; sourceTree = "<group>"; };
		A389CE601EAF2B76004B3050 /* libassimp.a */ = {isa = PBXFileReference; lastKnownFileType = archive.ar; name = libassimp.a; path = ../../../../../../usr/local/lib/libassimp.a; sourceTree = "<group>"; };
		A39A75421ECB372000AC9486 /* SkeletalModel.cpp */ = {isa = PBXFileReference; fileEncoding = 4; lastKnownFileType = sourcecode.cpp.cpp; name = SkeletalModel.cpp; path = models/skeletalModel/SkeletalModel.cpp; sourceTree = "<group>"; };
		A39A75431ECB372000AC9486 /* SkeletalModel.hpp */ = {isa = PBXFileReference; fileEncoding = 4; lastKnownFileType = sourcecode.cpp.h; name = SkeletalModel.hpp; path = models/skeletalModel/SkeletalModel.hpp; sourceTree = "<group>"; };
		A39A75481ECB3A2900AC9486 /* AMesh.cpp */ = {isa = PBXFileReference; fileEncoding = 4; lastKnownFileType = sourcecode.cpp.cpp; name = AMesh.cpp; path = mesh/AMesh.cpp; sourceTree = "<group>"; };
		A39A75491ECB3A2900AC9486 /* AMesh.hpp */ = {isa = PBXFileReference; fileEncoding = 4; lastKnownFileType = sourcecode.cpp.h; name = AMesh.hpp; path = mesh/AMesh.hpp; sourceTree = "<group>"; };
		A39A754C1ECC1AA600AC9486 /* Utils.cpp */ = {isa = PBXFileReference; fileEncoding = 4; lastKnownFileType = sourcecode.cpp.cpp; name = Utils.cpp; path = utils/Utils.cpp; sourceTree = "<group>"; };
		A39A754D1ECC1AA600AC9486 /* Utils.hpp */ = {isa = PBXFileReference; fileEncoding = 4; lastKnownFileType = sourcecode.cpp.h; name = Utils.hpp; path = utils/Utils.hpp; sourceTree = "<group>"; };
		A39A754F1ECC423C00AC9486 /* SkeletalRender.cpp */ = {isa = PBXFileReference; fileEncoding = 4; lastKnownFileType = sourcecode.cpp.cpp; name = SkeletalRender.cpp; path = renderer/SkeletalRender.cpp; sourceTree = "<group>"; };
		A39A75501ECC423C00AC9486 /* SkeletalRender.hpp */ = {isa = PBXFileReference; fileEncoding = 4; lastKnownFileType = sourcecode.cpp.h; name = SkeletalRender.hpp; path = renderer/SkeletalRender.hpp; sourceTree = "<group>"; };
		A39A75531ECC767400AC9486 /* Bone.cpp */ = {isa = PBXFileReference; fileEncoding = 4; lastKnownFileType = sourcecode.cpp.cpp; name = Bone.cpp; path = animation/Bone.cpp; sourceTree = "<group>"; };
		A39A75541ECC767400AC9486 /* Bone.hpp */ = {isa = PBXFileReference; fileEncoding = 4; lastKnownFileType = sourcecode.cpp.h; name = Bone.hpp; path = animation/Bone.hpp; sourceTree = "<group>"; };
		A3B94A5C1ECD6074002461F5 /* Animation.cpp */ = {isa = PBXFileReference; fileEncoding = 4; lastKnownFileType = sourcecode.cpp.cpp; name = Animation.cpp; path = animation/Animation.cpp; sourceTree = "<group>"; };
		A3B94A5D1ECD6074002461F5 /* Animation.hpp */ = {isa = PBXFileReference; fileEncoding = 4; lastKnownFileType = sourcecode.cpp.h; name = Animation.hpp; path = animation/Animation.hpp; sourceTree = "<group>"; };
		A3B96C7B1EE1201B003C0DE3 /* RectangleModel.cpp */ = {isa = PBXFileReference; fileEncoding = 4; lastKnownFileType = sourcecode.cpp.cpp; name = RectangleModel.cpp; path = models/RectangleModel.cpp; sourceTree = "<group>"; };
		A3B96C7C1EE1201B003C0DE3 /* RectangleModel.hpp */ = {isa = PBXFileReference; fileEncoding = 4; lastKnownFileType = sourcecode.cpp.h; name = RectangleModel.hpp; path = models/RectangleModel.hpp; sourceTree = "<group>"; };
		A3B96C7E1EE1249A003C0DE3 /* RectangleRender.cpp */ = {isa = PBXFileReference; fileEncoding = 4; lastKnownFileType = sourcecode.cpp.cpp; name = RectangleRender.cpp; path = renderer/RectangleRender.cpp; sourceTree = "<group>"; };
		A3B96C7F1EE1249A003C0DE3 /* RectangleRender.hpp */ = {isa = PBXFileReference; fileEncoding = 4; lastKnownFileType = sourcecode.cpp.h; name = RectangleRender.hpp; path = renderer/RectangleRender.hpp; sourceTree = "<group>"; };
		A3E66A621ED6695A00FCA639 /* cubeRender.cpp */ = {isa = PBXFileReference; fileEncoding = 4; lastKnownFileType = sourcecode.cpp.cpp; name = cubeRender.cpp; path = renderer/cubeRender.cpp; sourceTree = "<group>"; };
		A3E66A631ED6695A00FCA639 /* cubeRender.hpp */ = {isa = PBXFileReference; fileEncoding = 4; lastKnownFileType = sourcecode.cpp.h; name = cubeRender.hpp; path = renderer/cubeRender.hpp; sourceTree = "<group>"; };
		A3E66A651ED712BE00FCA639 /* PolygonModel.cpp */ = {isa = PBXFileReference; fileEncoding = 4; lastKnownFileType = sourcecode.cpp.cpp; name = PolygonModel.cpp; path = models/PolygonModel.cpp; sourceTree = "<group>"; };
		A3E66A661ED712BE00FCA639 /* PolygonModel.hpp */ = {isa = PBXFileReference; fileEncoding = 4; lastKnownFileType = sourcecode.cpp.h; name = PolygonModel.hpp; path = models/PolygonModel.hpp; sourceTree = "<group>"; };
/* End PBXFileReference section */

/* Begin PBXFrameworksBuildPhase section */
		A34774671EA5AB1B00B136CF /* Frameworks */ = {
			isa = PBXFrameworksBuildPhase;
			buildActionMask = 2147483647;
			files = (
				A389CE611EAF2B76004B3050 /* libassimp.3.3.1.dylib in Frameworks */,
				A389CE621EAF2B76004B3050 /* libassimp.3.3.1.dylib in Frameworks */,
				A389CE631EAF2B76004B3050 /* libassimp.a in Frameworks */,
				A347747F1EA5AB5F00B136CF /* libglfw3.a in Frameworks */,
				A34774801EA5AB5F00B136CF /* libSOIL.a in Frameworks */,
				A34774791EA5AB4600B136CF /* Cocoa.framework in Frameworks */,
				A347747A1EA5AB4600B136CF /* CoreVideo.framework in Frameworks */,
				A347747B1EA5AB4600B136CF /* IOKit.framework in Frameworks */,
				A347747C1EA5AB4600B136CF /* OpenGL.framework in Frameworks */,
			);
			runOnlyForDeploymentPostprocessing = 0;
		};
/* End PBXFrameworksBuildPhase section */

/* Begin PBXGroup section */
		A33D0FCF1EE6D48800FF3E55 /* entities */ = {
			isa = PBXGroup;
			children = (
				A33D0FD01EE6D4A300FF3E55 /* Entity.cpp */,
				A33D0FD11EE6D4A300FF3E55 /* Entity.hpp */,
			);
			name = entities;
			sourceTree = "<group>";
		};
		A346E2FB1EE69AA0000B899E /* shadows */ = {
			isa = PBXGroup;
			children = (
				A33D0FC41EE69BF400FF3E55 /* shadow.frag */,
				A33D0FC51EE69BF400FF3E55 /* shadow.vs */,
				A33D0FC11EE69ACB00FF3E55 /* ShadowShader.cpp */,
				A33D0FC21EE69ACB00FF3E55 /* ShadowShader.hpp */,
				A33D0FC61EE69C5100FF3E55 /* ShadowFrameBuffer.cpp */,
				A33D0FC71EE69C5100FF3E55 /* ShadowFrameBuffer.hpp */,
				A33D0FC91EE6ADFD00FF3E55 /* ShadowBox.cpp */,
				A33D0FCA1EE6ADFD00FF3E55 /* ShadowBox.hpp */,
				A33D0FCC1EE6D2F600FF3E55 /* ShadowMapRenderer.cpp */,
				A33D0FCD1EE6D2F600FF3E55 /* ShadowMapRenderer.hpp */,
			);
			name = shadows;
			sourceTree = "<group>";
		};
		A34774611EA5AB1B00B136CF = {
			isa = PBXGroup;
			children = (
				A347746C1EA5AB1B00B136CF /* AnimationPro */,
				A347746B1EA5AB1B00B136CF /* Products */,
				A34774741EA5AB4600B136CF /* Frameworks */,
			);
			sourceTree = "<group>";
		};
		A347746B1EA5AB1B00B136CF /* Products */ = {
			isa = PBXGroup;
			children = (
				A347746A1EA5AB1B00B136CF /* AnimationPro */,
			);
			name = Products;
			sourceTree = "<group>";
		};
		A347746C1EA5AB1B00B136CF /* AnimationPro */ = {
			isa = PBXGroup;
			children = (
				A33D0FCF1EE6D48800FF3E55 /* entities */,
				A346E2FB1EE69AA0000B899E /* shadows */,
				A39A75521ECC765900AC9486 /* animation */,
				A39A754B1ECC1A9100AC9486 /* utils */,
				A3ACF8371EB99292005099A6 /* skybox */,
				A389CE5D1EAF2B53004B3050 /* render */,
				A389CE5C1EAF2B4A004B3050 /* mesh */,
				A389CE5B1EAF2B3D004B3050 /* camera */,
				A389CE5A1EAF2B34004B3050 /* loader */,
				A389CE591EAF2B24004B3050 /* lights */,
				A389CE581EAF2B17004B3050 /* texture */,
				A389CE571EAF2B00004B3050 /* models */,
				A389CE561EAF2AE9004B3050 /* shaders */,
				A389CE551EAF2ADB004B3050 /* terrain */,
				A389CE231EAF2AD7004B3050 /* assets */,
				A347746D1EA5AB1B00B136CF /* main.cpp */,
			);
			path = AnimationPro;
			sourceTree = "<group>";
		};
		A34774741EA5AB4600B136CF /* Frameworks */ = {
			isa = PBXGroup;
			children = (
				A389CE5E1EAF2B76004B3050 /* libassimp.3.3.1.dylib */,
				A389CE5F1EAF2B76004B3050 /* libassimp.3.3.1.dylib */,
				A389CE601EAF2B76004B3050 /* libassimp.a */,
				A347747D1EA5AB5F00B136CF /* libglfw3.a */,
				A347747E1EA5AB5F00B136CF /* libSOIL.a */,
				A34774751EA5AB4600B136CF /* Cocoa.framework */,
				A34774761EA5AB4600B136CF /* CoreVideo.framework */,
				A34774771EA5AB4600B136CF /* IOKit.framework */,
				A34774781EA5AB4600B136CF /* OpenGL.framework */,
			);
			name = Frameworks;
			sourceTree = "<group>";
		};
		A389CE551EAF2ADB004B3050 /* terrain */ = {
			isa = PBXGroup;
			children = (
				A34D8D951EC569F200E08486 /* Terrain.cpp */,
				A34D8D961EC569F200E08486 /* Terrain.hpp */,
			);
			name = terrain;
			sourceTree = "<group>";
		};
		A389CE561EAF2AE9004B3050 /* shaders */ = {
			isa = PBXGroup;
			children = (
				A34D8D881EC569E300E08486 /* ModelShader.cpp */,
				A34D8D891EC569E300E08486 /* ModelShader.hpp */,
				A34D8D8A1EC569E300E08486 /* Shader.cpp */,
				A34D8D8B1EC569E300E08486 /* Shader.hpp */,
				A34D8D8C1EC569E300E08486 /* shaderSources */,
				A34D8D8D1EC569E300E08486 /* StaticShader.cpp */,
				A34D8D8E1EC569E300E08486 /* StaticShader.hpp */,
				A34D8D8F1EC569E300E08486 /* TerrainShader.cpp */,
				A34D8D901EC569E300E08486 /* TerrainShader.hpp */,
			);
			name = shaders;
			sourceTree = "<group>";
		};
		A389CE571EAF2B00004B3050 /* models */ = {
			isa = PBXGroup;
			children = (
				A39A753E1ECB36E500AC9486 /* skeletalModel */,
				A34D8D7F1EC569CF00E08486 /* ObjModel.cpp */,
				A34D8D801EC569CF00E08486 /* ObjModel.hpp */,
				A34D8D811EC569CF00E08486 /* RawModel.cpp */,
				A34D8D821EC569CF00E08486 /* RawModel.hpp */,
				A34D8D831EC569CF00E08486 /* TextureModel.cpp */,
				A34D8D841EC569CF00E08486 /* TextureModel.hpp */,
				A3E66A651ED712BE00FCA639 /* PolygonModel.cpp */,
				A3E66A661ED712BE00FCA639 /* PolygonModel.hpp */,
				A3B96C7B1EE1201B003C0DE3 /* RectangleModel.cpp */,
				A3B96C7C1EE1201B003C0DE3 /* RectangleModel.hpp */,
			);
			name = models;
			sourceTree = "<group>";
		};
		A389CE581EAF2B17004B3050 /* texture */ = {
			isa = PBXGroup;
			children = (
				A34D8D761EC569BC00E08486 /* ModelTexture.cpp */,
				A34D8D771EC569BC00E08486 /* ModelTexture.hpp */,
				A34D8D781EC569BC00E08486 /* TerrainTexture.cpp */,
				A34D8D791EC569BC00E08486 /* TerrainTexture.hpp */,
				A34D8D7A1EC569BC00E08486 /* TerrainTexturePack.cpp */,
				A34D8D7B1EC569BC00E08486 /* TerrainTexturePack.hpp */,
			);
			name = texture;
			sourceTree = "<group>";
		};
		A389CE591EAF2B24004B3050 /* lights */ = {
			isa = PBXGroup;
			children = (
				A34D8D6D1EC5699F00E08486 /* DirectionalLight.cpp */,
				A34D8D6E1EC5699F00E08486 /* DirectionalLight.hpp */,
				A34D8D6F1EC5699F00E08486 /* Light.cpp */,
				A34D8D701EC5699F00E08486 /* Light.hpp */,
				A34D8D711EC5699F00E08486 /* PointLight.cpp */,
				A34D8D721EC5699F00E08486 /* PointLight.hpp */,
			);
			name = lights;
			sourceTree = "<group>";
		};
		A389CE5A1EAF2B34004B3050 /* loader */ = {
			isa = PBXGroup;
			children = (
				A34D8D6A1EC5698B00E08486 /* Loader.cpp */,
				A34D8D6B1EC5698B00E08486 /* Loader.hpp */,
			);
			name = loader;
			sourceTree = "<group>";
		};
		A389CE5B1EAF2B3D004B3050 /* camera */ = {
			isa = PBXGroup;
			children = (
				A34D8D671EC5697A00E08486 /* Camera.cpp */,
				A34D8D681EC5697A00E08486 /* Camera.hpp */,
			);
			name = camera;
			sourceTree = "<group>";
		};
		A389CE5C1EAF2B4A004B3050 /* mesh */ = {
			isa = PBXGroup;
			children = (
				A34D8D5A1EC568EA00E08486 /* Mesh.hpp */,
				A34D8D581EC568E000E08486 /* Mesh.cpp */,
				A39A75481ECB3A2900AC9486 /* AMesh.cpp */,
				A39A75491ECB3A2900AC9486 /* AMesh.hpp */,
			);
			name = mesh;
			sourceTree = "<group>";
		};
		A389CE5D1EAF2B53004B3050 /* render */ = {
			isa = PBXGroup;
			children = (
				A34D8D5E1EC5694E00E08486 /* ModelRender.cpp */,
				A34D8D5F1EC5694E00E08486 /* ModelRender.hpp */,
				A34D8D601EC5694E00E08486 /* SkyboxRender.cpp */,
				A34D8D611EC5694E00E08486 /* SkyboxRender.hpp */,
				A34D8D621EC5694E00E08486 /* TerrainRender.cpp */,
				A34D8D631EC5694E00E08486 /* TerrainRender.hpp */,
				A39A754F1ECC423C00AC9486 /* SkeletalRender.cpp */,
				A39A75501ECC423C00AC9486 /* SkeletalRender.hpp */,
				A3E66A621ED6695A00FCA639 /* cubeRender.cpp */,
				A3E66A631ED6695A00FCA639 /* cubeRender.hpp */,
				A3B96C7E1EE1249A003C0DE3 /* RectangleRender.cpp */,
				A3B96C7F1EE1249A003C0DE3 /* RectangleRender.hpp */,
			);
			name = render;
			sourceTree = "<group>";
		};
		A39A753E1ECB36E500AC9486 /* skeletalModel */ = {
			isa = PBXGroup;
			children = (
				A39A75421ECB372000AC9486 /* SkeletalModel.cpp */,
				A39A75431ECB372000AC9486 /* SkeletalModel.hpp */,
			);
			name = skeletalModel;
			sourceTree = "<group>";
		};
		A39A754B1ECC1A9100AC9486 /* utils */ = {
			isa = PBXGroup;
			children = (
				A39A754C1ECC1AA600AC9486 /* Utils.cpp */,
				A39A754D1ECC1AA600AC9486 /* Utils.hpp */,
			);
			name = utils;
			sourceTree = "<group>";
		};
		A39A75521ECC765900AC9486 /* animation */ = {
			isa = PBXGroup;
			children = (
				A39A75531ECC767400AC9486 /* Bone.cpp */,
				A39A75541ECC767400AC9486 /* Bone.hpp */,
				A3B94A5C1ECD6074002461F5 /* Animation.cpp */,
				A3B94A5D1ECD6074002461F5 /* Animation.hpp */,
			);
			name = animation;
			sourceTree = "<group>";
		};
		A3ACF8371EB99292005099A6 /* skybox */ = {
			isa = PBXGroup;
			children = (
				A34D8D5B1EC5690300E08486 /* Skybox.cpp */,
				A34D8D5C1EC5690300E08486 /* Skybox.hpp */,
			);
			name = skybox;
			sourceTree = "<group>";
		};
/* End PBXGroup section */

/* Begin PBXNativeTarget section */
		A34774691EA5AB1B00B136CF /* AnimationPro */ = {
			isa = PBXNativeTarget;
			buildConfigurationList = A34774711EA5AB1B00B136CF /* Build configuration list for PBXNativeTarget "AnimationPro" */;
			buildPhases = (
				A34774661EA5AB1B00B136CF /* Sources */,
				A34774671EA5AB1B00B136CF /* Frameworks */,
				A34774681EA5AB1B00B136CF /* CopyFiles */,
			);
			buildRules = (
			);
			dependencies = (
			);
			name = AnimationPro;
			productName = AnimationPro;
			productReference = A347746A1EA5AB1B00B136CF /* AnimationPro */;
			productType = "com.apple.product-type.tool";
		};
/* End PBXNativeTarget section */

/* Begin PBXProject section */
		A34774621EA5AB1B00B136CF /* Project object */ = {
			isa = PBXProject;
			attributes = {
				LastUpgradeCheck = 0830;
				ORGANIZATIONNAME = "陈主润";
				TargetAttributes = {
					A34774691EA5AB1B00B136CF = {
						CreatedOnToolsVersion = 8.3.1;
						ProvisioningStyle = Automatic;
					};
				};
			};
			buildConfigurationList = A34774651EA5AB1B00B136CF /* Build configuration list for PBXProject "AnimationPro" */;
			compatibilityVersion = "Xcode 3.2";
			developmentRegion = English;
			hasScannedForEncodings = 0;
			knownRegions = (
				en,
			);
			mainGroup = A34774611EA5AB1B00B136CF;
			productRefGroup = A347746B1EA5AB1B00B136CF /* Products */;
			projectDirPath = "";
			projectRoot = "";
			targets = (
				A34774691EA5AB1B00B136CF /* AnimationPro */,
			);
		};
/* End PBXProject section */

/* Begin PBXSourcesBuildPhase section */
		A34774661EA5AB1B00B136CF /* Sources */ = {
			isa = PBXSourcesBuildPhase;
			buildActionMask = 2147483647;
			files = (
				A3B96C7D1EE1201B003C0DE3 /* RectangleModel.cpp in Sources */,
				A39A75551ECC767400AC9486 /* Bone.cpp in Sources */,
				A34D8D7D1EC569BC00E08486 /* TerrainTexture.cpp in Sources */,
				A34D8D741EC5699F00E08486 /* Light.cpp in Sources */,
				A34D8D941EC569E300E08486 /* TerrainShader.cpp in Sources */,
				A34D8D591EC568E000E08486 /* Mesh.cpp in Sources */,
				A34D8D871EC569CF00E08486 /* TextureModel.cpp in Sources */,
				A3E66A671ED712BE00FCA639 /* PolygonModel.cpp in Sources */,
				A34D8D851EC569CF00E08486 /* ObjModel.cpp in Sources */,
				A39A754A1ECB3A2900AC9486 /* AMesh.cpp in Sources */,
				A34D8D651EC5694E00E08486 /* SkyboxRender.cpp in Sources */,
				A33D0FD21EE6D4A300FF3E55 /* Entity.cpp in Sources */,
				A39A754E1ECC1AA600AC9486 /* Utils.cpp in Sources */,
				A3B94A5E1ECD6074002461F5 /* Animation.cpp in Sources */,
				A33D0FC81EE69C5100FF3E55 /* ShadowFrameBuffer.cpp in Sources */,
				A34D8D731EC5699F00E08486 /* DirectionalLight.cpp in Sources */,
				A33D0FCB1EE6ADFD00FF3E55 /* ShadowBox.cpp in Sources */,
				A34D8D6C1EC5698B00E08486 /* Loader.cpp in Sources */,
				A34D8D691EC5697A00E08486 /* Camera.cpp in Sources */,
				A39A75441ECB372000AC9486 /* SkeletalModel.cpp in Sources */,
				A34D8D861EC569CF00E08486 /* RawModel.cpp in Sources */,
				A34D8D641EC5694E00E08486 /* ModelRender.cpp in Sources */,
				A33D0FCE1EE6D2F600FF3E55 /* ShadowMapRenderer.cpp in Sources */,
				A34D8D7E1EC569BC00E08486 /* TerrainTexturePack.cpp in Sources */,
				A34D8D931EC569E300E08486 /* StaticShader.cpp in Sources */,
				A34D8D7C1EC569BC00E08486 /* ModelTexture.cpp in Sources */,
				A34D8D971EC569F200E08486 /* Terrain.cpp in Sources */,
				A347746E1EA5AB1B00B136CF /* main.cpp in Sources */,
				A39A75511ECC423C00AC9486 /* SkeletalRender.cpp in Sources */,
				A3B96C801EE1249A003C0DE3 /* RectangleRender.cpp in Sources */,
				A34D8D911EC569E300E08486 /* ModelShader.cpp in Sources */,
				A34D8D751EC5699F00E08486 /* PointLight.cpp in Sources */,
				A3E66A641ED6695A00FCA639 /* cubeRender.cpp in Sources */,
				A33D0FC31EE69ACB00FF3E55 /* ShadowShader.cpp in Sources */,
				A34D8D5D1EC5690300E08486 /* Skybox.cpp in Sources */,
				A34D8D921EC569E300E08486 /* Shader.cpp in Sources */,
				A34D8D661EC5694E00E08486 /* TerrainRender.cpp in Sources */,
			);
			runOnlyForDeploymentPostprocessing = 0;
		};
/* End PBXSourcesBuildPhase section */

/* Begin XCBuildConfiguration section */
		A347746F1EA5AB1B00B136CF /* Debug */ = {
			isa = XCBuildConfiguration;
			buildSettings = {
				ALWAYS_SEARCH_USER_PATHS = NO;
				CLANG_ANALYZER_NONNULL = YES;
				CLANG_ANALYZER_NUMBER_OBJECT_CONVERSION = YES_AGGRESSIVE;
				CLANG_CXX_LANGUAGE_STANDARD = "gnu++0x";
				CLANG_CXX_LIBRARY = "libc++";
				CLANG_ENABLE_MODULES = YES;
				CLANG_ENABLE_OBJC_ARC = YES;
				CLANG_WARN_BOOL_CONVERSION = YES;
				CLANG_WARN_CONSTANT_CONVERSION = YES;
				CLANG_WARN_DIRECT_OBJC_ISA_USAGE = YES_ERROR;
				CLANG_WARN_DOCUMENTATION_COMMENTS = YES;
				CLANG_WARN_EMPTY_BODY = YES;
				CLANG_WARN_ENUM_CONVERSION = YES;
				CLANG_WARN_INFINITE_RECURSION = YES;
				CLANG_WARN_INT_CONVERSION = YES;
				CLANG_WARN_OBJC_ROOT_CLASS = YES_ERROR;
				CLANG_WARN_SUSPICIOUS_MOVE = YES;
				CLANG_WARN_UNREACHABLE_CODE = YES;
				CLANG_WARN__DUPLICATE_METHOD_MATCH = YES;
				CODE_SIGN_IDENTITY = "-";
				COPY_PHASE_STRIP = NO;
				DEBUG_INFORMATION_FORMAT = dwarf;
				ENABLE_STRICT_OBJC_MSGSEND = YES;
				ENABLE_TESTABILITY = YES;
				GCC_C_LANGUAGE_STANDARD = gnu99;
				GCC_DYNAMIC_NO_PIC = NO;
				GCC_NO_COMMON_BLOCKS = YES;
				GCC_OPTIMIZATION_LEVEL = 0;
				GCC_PREPROCESSOR_DEFINITIONS = (
					"DEBUG=1",
					"$(inherited)",
				);
				GCC_WARN_64_TO_32_BIT_CONVERSION = YES;
				GCC_WARN_ABOUT_RETURN_TYPE = YES_ERROR;
				GCC_WARN_UNDECLARED_SELECTOR = YES;
				GCC_WARN_UNINITIALIZED_AUTOS = YES_AGGRESSIVE;
				GCC_WARN_UNUSED_FUNCTION = YES;
				GCC_WARN_UNUSED_VARIABLE = YES;
				MACOSX_DEPLOYMENT_TARGET = 10.12;
				MTL_ENABLE_DEBUG_INFO = YES;
				ONLY_ACTIVE_ARCH = YES;
				SDKROOT = macosx;
			};
			name = Debug;
		};
		A34774701EA5AB1B00B136CF /* Release */ = {
			isa = XCBuildConfiguration;
			buildSettings = {
				ALWAYS_SEARCH_USER_PATHS = NO;
				CLANG_ANALYZER_NONNULL = YES;
				CLANG_ANALYZER_NUMBER_OBJECT_CONVERSION = YES_AGGRESSIVE;
				CLANG_CXX_LANGUAGE_STANDARD = "gnu++0x";
				CLANG_CXX_LIBRARY = "libc++";
				CLANG_ENABLE_MODULES = YES;
				CLANG_ENABLE_OBJC_ARC = YES;
				CLANG_WARN_BOOL_CONVERSION = YES;
				CLANG_WARN_CONSTANT_CONVERSION = YES;
				CLANG_WARN_DIRECT_OBJC_ISA_USAGE = YES_ERROR;
				CLANG_WARN_DOCUMENTATION_COMMENTS = YES;
				CLANG_WARN_EMPTY_BODY = YES;
				CLANG_WARN_ENUM_CONVERSION = YES;
				CLANG_WARN_INFINITE_RECURSION = YES;
				CLANG_WARN_INT_CONVERSION = YES;
				CLANG_WARN_OBJC_ROOT_CLASS = YES_ERROR;
				CLANG_WARN_SUSPICIOUS_MOVE = YES;
				CLANG_WARN_UNREACHABLE_CODE = YES;
				CLANG_WARN__DUPLICATE_METHOD_MATCH = YES;
				CODE_SIGN_IDENTITY = "-";
				COPY_PHASE_STRIP = NO;
				DEBUG_INFORMATION_FORMAT = "dwarf-with-dsym";
				ENABLE_NS_ASSERTIONS = NO;
				ENABLE_STRICT_OBJC_MSGSEND = YES;
				GCC_C_LANGUAGE_STANDARD = gnu99;
				GCC_NO_COMMON_BLOCKS = YES;
				GCC_WARN_64_TO_32_BIT_CONVERSION = YES;
				GCC_WARN_ABOUT_RETURN_TYPE = YES_ERROR;
				GCC_WARN_UNDECLARED_SELECTOR = YES;
				GCC_WARN_UNINITIALIZED_AUTOS = YES_AGGRESSIVE;
				GCC_WARN_UNUSED_FUNCTION = YES;
				GCC_WARN_UNUSED_VARIABLE = YES;
				MACOSX_DEPLOYMENT_TARGET = 10.12;
				MTL_ENABLE_DEBUG_INFO = NO;
				SDKROOT = macosx;
			};
			name = Release;
		};
		A34774721EA5AB1B00B136CF /* Debug */ = {
			isa = XCBuildConfiguration;
			buildSettings = {
				HEADER_SEARCH_PATHS = /usr/local/include;
				LIBRARY_SEARCH_PATHS = /usr/local/lib;
				OTHER_LDFLAGS = "-lglew";
				PRODUCT_NAME = "$(TARGET_NAME)";
			};
			name = Debug;
		};
		A34774731EA5AB1B00B136CF /* Release */ = {
			isa = XCBuildConfiguration;
			buildSettings = {
				HEADER_SEARCH_PATHS = /usr/local/include;
				LIBRARY_SEARCH_PATHS = /usr/local/lib;
				OTHER_LDFLAGS = "-lglew";
				PRODUCT_NAME = "$(TARGET_NAME)";
			};
			name = Release;
		};
/* End XCBuildConfiguration section */

/* Begin XCConfigurationList section */
		A34774651EA5AB1B00B136CF /* Build configuration list for PBXProject "AnimationPro" */ = {
			isa = XCConfigurationList;
			buildConfigurations = (
				A347746F1EA5AB1B00B136CF /* Debug */,
				A34774701EA5AB1B00B136CF /* Release */,
			);
			defaultConfigurationIsVisible = 0;
			defaultConfigurationName = Release;
		};
		A34774711EA5AB1B00B136CF /* Build configuration list for PBXNativeTarget "AnimationPro" */ = {
			isa = XCConfigurationList;
			buildConfigurations = (
				A34774721EA5AB1B00B136CF /* Debug */,
				A34774731EA5AB1B00B136CF /* Release */,
			);
			defaultConfigurationIsVisible = 0;
			defaultConfigurationName = Release;
		};
/* End XCConfigurationList section */
	};
	rootObject = A34774621EA5AB1B00B136CF /* Project object */;
}
